
Microsoft Visual Studio Solution File, Format Version 12.00
# Visual Studio 14
VisualStudioVersion = 14.0.25420.1
MinimumVisualStudioVersion = 10.0.40219.1
Project("{FAE04EC0-301F-11D3-BF4B-00C04F79EFBC}") = "SMETA.Web", "SMETA.Web\SMETA.Web.csproj", "{AD243EE1-9E40-470E-81FD-E58C52A5534D}"
EndProject
Project("{FAE04EC0-301F-11D3-BF4B-00C04F79EFBC}") = "SMETA.Web.Tests", "SMETA.Web.Tests\SMETA.Web.Tests.csproj", "{20F7ADD4-04D8-4AAF-8F4E-E183D5FBDD63}"
EndProject
Project("{FAE04EC0-301F-11D3-BF4B-00C04F79EFBC}") = "SMETA.DataScraper.DataAccess", "..\DataScraper\SMETA.DataAccess\SMETA.DataScraper.DataAccess.csproj", "{299A9E82-E928-4CD4-A424-9BEE854E1C63}"
EndProject
Global
	GlobalSection(SolutionConfigurationPlatforms) = preSolution
		Debug|Any CPU = Debug|Any CPU
		Release|Any CPU = Release|Any CPU
	EndGlobalSection
	GlobalSection(ProjectConfigurationPlatforms) = postSolution
		{AD243EE1-9E40-470E-81FD-E58C52A5534D}.Debug|Any CPU.ActiveCfg = Debug|Any CPU
		{AD243EE1-9E40-470E-81FD-E58C52A5534D}.Debug|Any CPU.Build.0 = Debug|Any CPU
		{AD243EE1-9E40-470E-81FD-E58C52A5534D}.Release|Any CPU.ActiveCfg = Release|Any CPU
		{AD243EE1-9E40-470E-81FD-E58C52A5534D}.Release|Any CPU.Build.0 = Release|Any CPU
		{20F7ADD4-04D8-4AAF-8F4E-E183D5FBDD63}.Debug|Any CPU.ActiveCfg = Debug|Any CPU
		{20F7ADD4-04D8-4AAF-8F4E-E183D5FBDD63}.Debug|Any CPU.Build.0 = Debug|Any CPU
		{20F7ADD4-04D8-4AAF-8F4E-E183D5FBDD63}.Release|Any CPU.ActiveCfg = Release|Any CPU
		{20F7ADD4-04D8-4AAF-8F4E-E183D5FBDD63}.Release|Any CPU.Build.0 = Release|Any CPU
		{299A9E82-E928-4CD4-A424-9BEE854E1C63}.Debug|Any CPU.ActiveCfg = Debug|Any CPU
		{299A9E82-E928-4CD4-A424-9BEE854E1C63}.Debug|Any CPU.Build.0 = Debug|Any CPU
		{299A9E82-E928-4CD4-A424-9BEE854E1C63}.Release|Any CPU.ActiveCfg = Release|Any CPU
		{299A9E82-E928-4CD4-A424-9BEE854E1C63}.Release|Any CPU.Build.0 = Release|Any CPU
	EndGlobalSection
	GlobalSection(SolutionProperties) = preSolution
		HideSolutionNode = FALSE
	EndGlobalSection
EndGlobal
